
Microsoft Visual Studio Solution File, Format Version 12.00
# Visual Studio Version 17
VisualStudioVersion = 17.14.36202.13 d17.14
MinimumVisualStudioVersion = 10.0.40219.1
Project("{FAE04EC0-301F-11D3-BF4B-00C04F79EFBC}") = "Warships.REST", "Warships.REST\Warships.REST.csproj", "{FDE7D434-8C1F-47E6-BBD5-DED9F44FC730}"
EndProject
Global
	GlobalSection(SolutionConfigurationPlatforms) = preSolution
		Debug|Any CPU = Debug|Any CPU
		Release|Any CPU = Release|Any CPU
	EndGlobalSection
	GlobalSection(ProjectConfigurationPlatforms) = postSolution
		{FDE7D434-8C1F-47E6-BBD5-DED9F44FC730}.Debug|Any CPU.ActiveCfg = Debug|Any CPU
		{FDE7D434-8C1F-47E6-BBD5-DED9F44FC730}.Debug|Any CPU.Build.0 = Debug|Any CPU
		{FDE7D434-8C1F-47E6-BBD5-DED9F44FC730}.Release|Any CPU.ActiveCfg = Release|Any CPU
		{FDE7D434-8C1F-47E6-BBD5-DED9F44FC730}.Release|Any CPU.Build.0 = Release|Any CPU
	EndGlobalSection
	GlobalSection(SolutionProperties) = preSolution
		HideSolutionNode = FALSE
	EndGlobalSection
	GlobalSection(ExtensibilityGlobals) = postSolution
		SolutionGuid = {E9628861-95DE-4743-801C-AD8DF13FBE99}
	EndGlobalSection
EndGlobal
