
Microsoft Visual Studio Solution File, Format Version 12.00
# Visual Studio Version 17
VisualStudioVersion = 17.9.34607.119
MinimumVisualStudioVersion = 10.0.40219.1
Project("{FAE04EC0-301F-11D3-BF4B-00C04F79EFBC}") = "ConsoleApp1", "ConsoleApp1\ConsoleApp1.csproj", "{B8387019-1B97-4818-A5BF-763842B8CFE3}"
EndProject
Global
	GlobalSection(SolutionConfigurationPlatforms) = preSolution
		Debug|Any CPU = Debug|Any CPU
		Release|Any CPU = Release|Any CPU
	EndGlobalSection
	GlobalSection(ProjectConfigurationPlatforms) = postSolution
		{B8387019-1B97-4818-A5BF-763842B8CFE3}.Debug|Any CPU.ActiveCfg = Debug|Any CPU
		{B8387019-1B97-4818-A5BF-763842B8CFE3}.Debug|Any CPU.Build.0 = Debug|Any CPU
		{B8387019-1B97-4818-A5BF-763842B8CFE3}.Release|Any CPU.ActiveCfg = Release|Any CPU
		{B8387019-1B97-4818-A5BF-763842B8CFE3}.Release|Any CPU.Build.0 = Release|Any CPU
	EndGlobalSection
	GlobalSection(SolutionProperties) = preSolution
		HideSolutionNode = FALSE
	EndGlobalSection
	GlobalSection(ExtensibilityGlobals) = postSolution
		SolutionGuid = {F2ED486E-BDB1-4D48-9D3B-45941E722326}
	EndGlobalSection
EndGlobal
